
Microsoft Visual Studio Solution File, Format Version 12.00
# Visual Studio Version 17
VisualStudioVersion = 17.11.35312.102
MinimumVisualStudioVersion = 10.0.40219.1
Project("{FAE04EC0-301F-11D3-BF4B-00C04F79EFBC}") = "VehicleOOPTest", "VehicleOOPTest\VehicleOOPTest.csproj", "{C65B66E6-A7B6-4279-9F0E-D384D3F1D203}"
EndProject
Global
	GlobalSection(SolutionConfigurationPlatforms) = preSolution
		Debug|Any CPU = Debug|Any CPU
		Release|Any CPU = Release|Any CPU
	EndGlobalSection
	GlobalSection(ProjectConfigurationPlatforms) = postSolution
		{C65B66E6-A7B6-4279-9F0E-D384D3F1D203}.Debug|Any CPU.ActiveCfg = Debug|Any CPU
		{C65B66E6-A7B6-4279-9F0E-D384D3F1D203}.Debug|Any CPU.Build.0 = Debug|Any CPU
		{C65B66E6-A7B6-4279-9F0E-D384D3F1D203}.Release|Any CPU.ActiveCfg = Release|Any CPU
		{C65B66E6-A7B6-4279-9F0E-D384D3F1D203}.Release|Any CPU.Build.0 = Release|Any CPU
	EndGlobalSection
	GlobalSection(SolutionProperties) = preSolution
		HideSolutionNode = FALSE
	EndGlobalSection
	GlobalSection(ExtensibilityGlobals) = postSolution
		SolutionGuid = {39489AD7-9F7D-4AA9-93A8-789C01308C26}
	EndGlobalSection
EndGlobal
